
Microsoft Visual Studio Solution File, Format Version 12.00
# Visual Studio 15
VisualStudioVersion = 15.0.28307.168
MinimumVisualStudioVersion = 10.0.40219.1
Project("{FAE04EC0-301F-11D3-BF4B-00C04F79EFBC}") = "StringManipulator", "StringManipulator\StringManipulator.csproj", "{16BDFE15-D0C7-47AC-B57E-B9555F0E6049}"
EndProject
Project("{FAE04EC0-301F-11D3-BF4B-00C04F79EFBC}") = "EmojiSumator", "EmojiSumator\EmojiSumator.csproj", "{38C33B81-ED5B-418E-868E-286DE02A72D3}"
EndProject
Project("{FAE04EC0-301F-11D3-BF4B-00C04F79EFBC}") = "FeedTheAnimals", "FeedTheAnimals\FeedTheAnimals.csproj", "{0D1E6884-DC36-4456-989F-3B9D6B1E7885}"
EndProject
Global
	GlobalSection(SolutionConfigurationPlatforms) = preSolution
		Debug|Any CPU = Debug|Any CPU
		Release|Any CPU = Release|Any CPU
	EndGlobalSection
	GlobalSection(ProjectConfigurationPlatforms) = postSolution
		{16BDFE15-D0C7-47AC-B57E-B9555F0E6049}.Debug|Any CPU.ActiveCfg = Debug|Any CPU
		{16BDFE15-D0C7-47AC-B57E-B9555F0E6049}.Debug|Any CPU.Build.0 = Debug|Any CPU
		{16BDFE15-D0C7-47AC-B57E-B9555F0E6049}.Release|Any CPU.ActiveCfg = Release|Any CPU
		{16BDFE15-D0C7-47AC-B57E-B9555F0E6049}.Release|Any CPU.Build.0 = Release|Any CPU
		{38C33B81-ED5B-418E-868E-286DE02A72D3}.Debug|Any CPU.ActiveCfg = Debug|Any CPU
		{38C33B81-ED5B-418E-868E-286DE02A72D3}.Debug|Any CPU.Build.0 = Debug|Any CPU
		{38C33B81-ED5B-418E-868E-286DE02A72D3}.Release|Any CPU.ActiveCfg = Release|Any CPU
		{38C33B81-ED5B-418E-868E-286DE02A72D3}.Release|Any CPU.Build.0 = Release|Any CPU
		{0D1E6884-DC36-4456-989F-3B9D6B1E7885}.Debug|Any CPU.ActiveCfg = Debug|Any CPU
		{0D1E6884-DC36-4456-989F-3B9D6B1E7885}.Debug|Any CPU.Build.0 = Debug|Any CPU
		{0D1E6884-DC36-4456-989F-3B9D6B1E7885}.Release|Any CPU.ActiveCfg = Release|Any CPU
		{0D1E6884-DC36-4456-989F-3B9D6B1E7885}.Release|Any CPU.Build.0 = Release|Any CPU
	EndGlobalSection
	GlobalSection(SolutionProperties) = preSolution
		HideSolutionNode = FALSE
	EndGlobalSection
	GlobalSection(ExtensibilityGlobals) = postSolution
		SolutionGuid = {91C3284F-CC5C-4658-A697-7D1AA36F8DE4}
	EndGlobalSection
EndGlobal
