
Microsoft Visual Studio Solution File, Format Version 12.00
# Visual Studio 15
VisualStudioVersion = 15.0.28307.168
MinimumVisualStudioVersion = 10.0.40219.1
Project("{9A19103F-16F7-4668-BE54-9A1E7A4F7556}") = "MetersToKilometers", "MetersToKilometers\MetersToKilometers.csproj", "{6BE43CE3-381C-456F-9B3A-B4B76237A256}"
EndProject
Project("{9A19103F-16F7-4668-BE54-9A1E7A4F7556}") = "PoundsToDollars", "PoundsToDollars\PoundsToDollars.csproj", "{C11C579F-8A1A-4A15-B745-211B07280FF3}"
EndProject
Project("{9A19103F-16F7-4668-BE54-9A1E7A4F7556}") = "ExactSumOfNumbers", "ExactSumOfNumbers\ExactSumOfNumbers.csproj", "{78104776-07E1-4A1F-A957-46F925477D19}"
EndProject
Project("{9A19103F-16F7-4668-BE54-9A1E7A4F7556}") = "CenturiesToMinutes", "CenturiesToMinutes\CenturiesToMinutes.csproj", "{CC2FCA50-CB34-4A5D-B694-B541310D4928}"
EndProject
Project("{FAE04EC0-301F-11D3-BF4B-00C04F79EFBC}") = "SpecialNumbers", "SpecialNumbers\SpecialNumbers.csproj", "{CF165898-2520-4932-9AA5-4125CBB67666}"
EndProject
Project("{FAE04EC0-301F-11D3-BF4B-00C04F79EFBC}") = "ReversedChars", "ReversedChars\ReversedChars.csproj", "{A81F9EFC-A0B4-4C7B-9C90-E1E07E00BAA0}"
EndProject
Project("{FAE04EC0-301F-11D3-BF4B-00C04F79EFBC}") = "LowerOrUpper", "LowerOrUpper\LowerOrUpper.csproj", "{012C7A9F-86DE-4F3B-B85A-D3C4F7FE42FB}"
EndProject
Project("{FAE04EC0-301F-11D3-BF4B-00C04F79EFBC}") = "RefactorVolumeOfPyramid", "RefactorVolumeOfPyramid\RefactorVolumeOfPyramid.csproj", "{21F0EED1-5CD5-4C82-B6DE-669F75914ED1}"
EndProject
Project("{FAE04EC0-301F-11D3-BF4B-00C04F79EFBC}") = "RefactorSpecialNumbers", "RefactorSpecialNumbers\RefactorSpecialNumbers.csproj", "{C20625A7-DD30-4B8E-9075-E1DDFB611B2A}"
EndProject
Global
	GlobalSection(SolutionConfigurationPlatforms) = preSolution
		Debug|Any CPU = Debug|Any CPU
		Release|Any CPU = Release|Any CPU
	EndGlobalSection
	GlobalSection(ProjectConfigurationPlatforms) = postSolution
		{6BE43CE3-381C-456F-9B3A-B4B76237A256}.Debug|Any CPU.ActiveCfg = Debug|Any CPU
		{6BE43CE3-381C-456F-9B3A-B4B76237A256}.Debug|Any CPU.Build.0 = Debug|Any CPU
		{6BE43CE3-381C-456F-9B3A-B4B76237A256}.Release|Any CPU.ActiveCfg = Release|Any CPU
		{6BE43CE3-381C-456F-9B3A-B4B76237A256}.Release|Any CPU.Build.0 = Release|Any CPU
		{C11C579F-8A1A-4A15-B745-211B07280FF3}.Debug|Any CPU.ActiveCfg = Debug|Any CPU
		{C11C579F-8A1A-4A15-B745-211B07280FF3}.Debug|Any CPU.Build.0 = Debug|Any CPU
		{C11C579F-8A1A-4A15-B745-211B07280FF3}.Release|Any CPU.ActiveCfg = Release|Any CPU
		{C11C579F-8A1A-4A15-B745-211B07280FF3}.Release|Any CPU.Build.0 = Release|Any CPU
		{78104776-07E1-4A1F-A957-46F925477D19}.Debug|Any CPU.ActiveCfg = Debug|Any CPU
		{78104776-07E1-4A1F-A957-46F925477D19}.Debug|Any CPU.Build.0 = Debug|Any CPU
		{78104776-07E1-4A1F-A957-46F925477D19}.Release|Any CPU.ActiveCfg = Release|Any CPU
		{78104776-07E1-4A1F-A957-46F925477D19}.Release|Any CPU.Build.0 = Release|Any CPU
		{CC2FCA50-CB34-4A5D-B694-B541310D4928}.Debug|Any CPU.ActiveCfg = Debug|Any CPU
		{CC2FCA50-CB34-4A5D-B694-B541310D4928}.Debug|Any CPU.Build.0 = Debug|Any CPU
		{CC2FCA50-CB34-4A5D-B694-B541310D4928}.Release|Any CPU.ActiveCfg = Release|Any CPU
		{CC2FCA50-CB34-4A5D-B694-B541310D4928}.Release|Any CPU.Build.0 = Release|Any CPU
		{CF165898-2520-4932-9AA5-4125CBB67666}.Debug|Any CPU.ActiveCfg = Debug|Any CPU
		{CF165898-2520-4932-9AA5-4125CBB67666}.Debug|Any CPU.Build.0 = Debug|Any CPU
		{CF165898-2520-4932-9AA5-4125CBB67666}.Release|Any CPU.ActiveCfg = Release|Any CPU
		{CF165898-2520-4932-9AA5-4125CBB67666}.Release|Any CPU.Build.0 = Release|Any CPU
		{A81F9EFC-A0B4-4C7B-9C90-E1E07E00BAA0}.Debug|Any CPU.ActiveCfg = Debug|Any CPU
		{A81F9EFC-A0B4-4C7B-9C90-E1E07E00BAA0}.Debug|Any CPU.Build.0 = Debug|Any CPU
		{A81F9EFC-A0B4-4C7B-9C90-E1E07E00BAA0}.Release|Any CPU.ActiveCfg = Release|Any CPU
		{A81F9EFC-A0B4-4C7B-9C90-E1E07E00BAA0}.Release|Any CPU.Build.0 = Release|Any CPU
		{012C7A9F-86DE-4F3B-B85A-D3C4F7FE42FB}.Debug|Any CPU.ActiveCfg = Debug|Any CPU
		{012C7A9F-86DE-4F3B-B85A-D3C4F7FE42FB}.Debug|Any CPU.Build.0 = Debug|Any CPU
		{012C7A9F-86DE-4F3B-B85A-D3C4F7FE42FB}.Release|Any CPU.ActiveCfg = Release|Any CPU
		{012C7A9F-86DE-4F3B-B85A-D3C4F7FE42FB}.Release|Any CPU.Build.0 = Release|Any CPU
		{21F0EED1-5CD5-4C82-B6DE-669F75914ED1}.Debug|Any CPU.ActiveCfg = Debug|Any CPU
		{21F0EED1-5CD5-4C82-B6DE-669F75914ED1}.Debug|Any CPU.Build.0 = Debug|Any CPU
		{21F0EED1-5CD5-4C82-B6DE-669F75914ED1}.Release|Any CPU.ActiveCfg = Release|Any CPU
		{21F0EED1-5CD5-4C82-B6DE-669F75914ED1}.Release|Any CPU.Build.0 = Release|Any CPU
		{C20625A7-DD30-4B8E-9075-E1DDFB611B2A}.Debug|Any CPU.ActiveCfg = Debug|Any CPU
		{C20625A7-DD30-4B8E-9075-E1DDFB611B2A}.Debug|Any CPU.Build.0 = Debug|Any CPU
		{C20625A7-DD30-4B8E-9075-E1DDFB611B2A}.Release|Any CPU.ActiveCfg = Release|Any CPU
		{C20625A7-DD30-4B8E-9075-E1DDFB611B2A}.Release|Any CPU.Build.0 = Release|Any CPU
	EndGlobalSection
	GlobalSection(SolutionProperties) = preSolution
		HideSolutionNode = FALSE
	EndGlobalSection
	GlobalSection(ExtensibilityGlobals) = postSolution
		SolutionGuid = {D8731AD6-C3BF-419B-A69A-8B3F1AC728A7}
	EndGlobalSection
EndGlobal
