
Microsoft Visual Studio Solution File, Format Version 12.00
# Visual Studio 15
VisualStudioVersion = 15.0.28307.168
MinimumVisualStudioVersion = 10.0.40219.1
Project("{FAE04EC0-301F-11D3-BF4B-00C04F79EFBC}") = "AdvertisementMessage", "AdvertisementMessage\AdvertisementMessage.csproj", "{FA1D87BA-D9F2-468C-9442-DFF8525F5730}"
EndProject
Project("{FAE04EC0-301F-11D3-BF4B-00C04F79EFBC}") = "Articles", "Articles\Articles.csproj", "{3E61932F-8F9E-4730-8E4C-34FFE712B115}"
EndProject
Project("{FAE04EC0-301F-11D3-BF4B-00C04F79EFBC}") = "ArticlesV2", "ArticlesV2\ArticlesV2.csproj", "{3ECC88F2-4FAC-4FD1-93BF-E42DE255041D}"
EndProject
Project("{FAE04EC0-301F-11D3-BF4B-00C04F79EFBC}") = "Students", "Students\Students.csproj", "{5C17DD37-8DA4-4C15-88B0-57A3F65F4576}"
EndProject
Project("{FAE04EC0-301F-11D3-BF4B-00C04F79EFBC}") = "TeamworkProjects", "TeamworkProjects\TeamworkProjects.csproj", "{6638C695-0AA2-4102-91DC-8C820BF9AA7D}"
EndProject
Project("{FAE04EC0-301F-11D3-BF4B-00C04F79EFBC}") = "VehicleCatalogue", "VehicleCatalogue\VehicleCatalogue.csproj", "{4861E881-A79B-421F-A8A4-5025AF0E8521}"
EndProject
Project("{FAE04EC0-301F-11D3-BF4B-00C04F79EFBC}") = "OrderByAge", "OrderByAge\OrderByAge.csproj", "{7B7E0772-CC81-420B-93B6-9F5D993D72C6}"
EndProject
Global
	GlobalSection(SolutionConfigurationPlatforms) = preSolution
		Debug|Any CPU = Debug|Any CPU
		Release|Any CPU = Release|Any CPU
	EndGlobalSection
	GlobalSection(ProjectConfigurationPlatforms) = postSolution
		{FA1D87BA-D9F2-468C-9442-DFF8525F5730}.Debug|Any CPU.ActiveCfg = Debug|Any CPU
		{FA1D87BA-D9F2-468C-9442-DFF8525F5730}.Debug|Any CPU.Build.0 = Debug|Any CPU
		{FA1D87BA-D9F2-468C-9442-DFF8525F5730}.Release|Any CPU.ActiveCfg = Release|Any CPU
		{FA1D87BA-D9F2-468C-9442-DFF8525F5730}.Release|Any CPU.Build.0 = Release|Any CPU
		{3E61932F-8F9E-4730-8E4C-34FFE712B115}.Debug|Any CPU.ActiveCfg = Debug|Any CPU
		{3E61932F-8F9E-4730-8E4C-34FFE712B115}.Debug|Any CPU.Build.0 = Debug|Any CPU
		{3E61932F-8F9E-4730-8E4C-34FFE712B115}.Release|Any CPU.ActiveCfg = Release|Any CPU
		{3E61932F-8F9E-4730-8E4C-34FFE712B115}.Release|Any CPU.Build.0 = Release|Any CPU
		{3ECC88F2-4FAC-4FD1-93BF-E42DE255041D}.Debug|Any CPU.ActiveCfg = Debug|Any CPU
		{3ECC88F2-4FAC-4FD1-93BF-E42DE255041D}.Debug|Any CPU.Build.0 = Debug|Any CPU
		{3ECC88F2-4FAC-4FD1-93BF-E42DE255041D}.Release|Any CPU.ActiveCfg = Release|Any CPU
		{3ECC88F2-4FAC-4FD1-93BF-E42DE255041D}.Release|Any CPU.Build.0 = Release|Any CPU
		{5C17DD37-8DA4-4C15-88B0-57A3F65F4576}.Debug|Any CPU.ActiveCfg = Debug|Any CPU
		{5C17DD37-8DA4-4C15-88B0-57A3F65F4576}.Debug|Any CPU.Build.0 = Debug|Any CPU
		{5C17DD37-8DA4-4C15-88B0-57A3F65F4576}.Release|Any CPU.ActiveCfg = Release|Any CPU
		{5C17DD37-8DA4-4C15-88B0-57A3F65F4576}.Release|Any CPU.Build.0 = Release|Any CPU
		{6638C695-0AA2-4102-91DC-8C820BF9AA7D}.Debug|Any CPU.ActiveCfg = Debug|Any CPU
		{6638C695-0AA2-4102-91DC-8C820BF9AA7D}.Debug|Any CPU.Build.0 = Debug|Any CPU
		{6638C695-0AA2-4102-91DC-8C820BF9AA7D}.Release|Any CPU.ActiveCfg = Release|Any CPU
		{6638C695-0AA2-4102-91DC-8C820BF9AA7D}.Release|Any CPU.Build.0 = Release|Any CPU
		{4861E881-A79B-421F-A8A4-5025AF0E8521}.Debug|Any CPU.ActiveCfg = Debug|Any CPU
		{4861E881-A79B-421F-A8A4-5025AF0E8521}.Debug|Any CPU.Build.0 = Debug|Any CPU
		{4861E881-A79B-421F-A8A4-5025AF0E8521}.Release|Any CPU.ActiveCfg = Release|Any CPU
		{4861E881-A79B-421F-A8A4-5025AF0E8521}.Release|Any CPU.Build.0 = Release|Any CPU
		{7B7E0772-CC81-420B-93B6-9F5D993D72C6}.Debug|Any CPU.ActiveCfg = Debug|Any CPU
		{7B7E0772-CC81-420B-93B6-9F5D993D72C6}.Debug|Any CPU.Build.0 = Debug|Any CPU
		{7B7E0772-CC81-420B-93B6-9F5D993D72C6}.Release|Any CPU.ActiveCfg = Release|Any CPU
		{7B7E0772-CC81-420B-93B6-9F5D993D72C6}.Release|Any CPU.Build.0 = Release|Any CPU
	EndGlobalSection
	GlobalSection(SolutionProperties) = preSolution
		HideSolutionNode = FALSE
	EndGlobalSection
	GlobalSection(ExtensibilityGlobals) = postSolution
		SolutionGuid = {E97A255D-5D03-4411-A875-6E7890328353}
	EndGlobalSection
EndGlobal
