
Microsoft Visual Studio Solution File, Format Version 12.00
# Visual Studio 15
VisualStudioVersion = 15.0.28307.168
MinimumVisualStudioVersion = 10.0.40219.1
Project("{FAE04EC0-301F-11D3-BF4B-00C04F79EFBC}") = "Furniture", "Furniture\Furniture.csproj", "{C5F9168D-AC68-4B96-9F5F-E107346419F0}"
EndProject
Project("{FAE04EC0-301F-11D3-BF4B-00C04F79EFBC}") = "Race", "Race\Race.csproj", "{64627268-F680-4A89-89B7-643BA3A89F4B}"
EndProject
Global
	GlobalSection(SolutionConfigurationPlatforms) = preSolution
		Debug|Any CPU = Debug|Any CPU
		Release|Any CPU = Release|Any CPU
	EndGlobalSection
	GlobalSection(ProjectConfigurationPlatforms) = postSolution
		{C5F9168D-AC68-4B96-9F5F-E107346419F0}.Debug|Any CPU.ActiveCfg = Debug|Any CPU
		{C5F9168D-AC68-4B96-9F5F-E107346419F0}.Debug|Any CPU.Build.0 = Debug|Any CPU
		{C5F9168D-AC68-4B96-9F5F-E107346419F0}.Release|Any CPU.ActiveCfg = Release|Any CPU
		{C5F9168D-AC68-4B96-9F5F-E107346419F0}.Release|Any CPU.Build.0 = Release|Any CPU
		{64627268-F680-4A89-89B7-643BA3A89F4B}.Debug|Any CPU.ActiveCfg = Debug|Any CPU
		{64627268-F680-4A89-89B7-643BA3A89F4B}.Debug|Any CPU.Build.0 = Debug|Any CPU
		{64627268-F680-4A89-89B7-643BA3A89F4B}.Release|Any CPU.ActiveCfg = Release|Any CPU
		{64627268-F680-4A89-89B7-643BA3A89F4B}.Release|Any CPU.Build.0 = Release|Any CPU
	EndGlobalSection
	GlobalSection(SolutionProperties) = preSolution
		HideSolutionNode = FALSE
	EndGlobalSection
	GlobalSection(ExtensibilityGlobals) = postSolution
		SolutionGuid = {68B999F1-46FD-47E8-AAC7-D526D5C08D17}
	EndGlobalSection
EndGlobal
