
Microsoft Visual Studio Solution File, Format Version 12.00
# Visual Studio 15
VisualStudioVersion = 15.0.28307.168
MinimumVisualStudioVersion = 10.0.40219.1
Project("{9A19103F-16F7-4668-BE54-9A1E7A4F7556}") = "MatchFullName", "MatchFullName\MatchFullName.csproj", "{034FB0D2-EFB7-49D5-9AEE-E830691DDFAE}"
EndProject
Project("{9A19103F-16F7-4668-BE54-9A1E7A4F7556}") = "MatchPhoneNumber", "MatchPhoneNumber\MatchPhoneNumber.csproj", "{2A9815D2-0611-4ECF-8717-2E33A80321C2}"
EndProject
Project("{9A19103F-16F7-4668-BE54-9A1E7A4F7556}") = "MatchDates", "MatchDates\MatchDates.csproj", "{116FDC7C-C87A-454F-AE11-8242E817C407}"
EndProject
Project("{FAE04EC0-301F-11D3-BF4B-00C04F79EFBC}") = "MatchNumbers", "MatchNumbers\MatchNumbers.csproj", "{7BAC0780-520D-4AAD-AAFE-4879F159D3F8}"
EndProject
Global
	GlobalSection(SolutionConfigurationPlatforms) = preSolution
		Debug|Any CPU = Debug|Any CPU
		Release|Any CPU = Release|Any CPU
	EndGlobalSection
	GlobalSection(ProjectConfigurationPlatforms) = postSolution
		{034FB0D2-EFB7-49D5-9AEE-E830691DDFAE}.Debug|Any CPU.ActiveCfg = Debug|Any CPU
		{034FB0D2-EFB7-49D5-9AEE-E830691DDFAE}.Debug|Any CPU.Build.0 = Debug|Any CPU
		{034FB0D2-EFB7-49D5-9AEE-E830691DDFAE}.Release|Any CPU.ActiveCfg = Release|Any CPU
		{034FB0D2-EFB7-49D5-9AEE-E830691DDFAE}.Release|Any CPU.Build.0 = Release|Any CPU
		{2A9815D2-0611-4ECF-8717-2E33A80321C2}.Debug|Any CPU.ActiveCfg = Debug|Any CPU
		{2A9815D2-0611-4ECF-8717-2E33A80321C2}.Debug|Any CPU.Build.0 = Debug|Any CPU
		{2A9815D2-0611-4ECF-8717-2E33A80321C2}.Release|Any CPU.ActiveCfg = Release|Any CPU
		{2A9815D2-0611-4ECF-8717-2E33A80321C2}.Release|Any CPU.Build.0 = Release|Any CPU
		{116FDC7C-C87A-454F-AE11-8242E817C407}.Debug|Any CPU.ActiveCfg = Debug|Any CPU
		{116FDC7C-C87A-454F-AE11-8242E817C407}.Debug|Any CPU.Build.0 = Debug|Any CPU
		{116FDC7C-C87A-454F-AE11-8242E817C407}.Release|Any CPU.ActiveCfg = Release|Any CPU
		{116FDC7C-C87A-454F-AE11-8242E817C407}.Release|Any CPU.Build.0 = Release|Any CPU
		{7BAC0780-520D-4AAD-AAFE-4879F159D3F8}.Debug|Any CPU.ActiveCfg = Debug|Any CPU
		{7BAC0780-520D-4AAD-AAFE-4879F159D3F8}.Debug|Any CPU.Build.0 = Debug|Any CPU
		{7BAC0780-520D-4AAD-AAFE-4879F159D3F8}.Release|Any CPU.ActiveCfg = Release|Any CPU
		{7BAC0780-520D-4AAD-AAFE-4879F159D3F8}.Release|Any CPU.Build.0 = Release|Any CPU
	EndGlobalSection
	GlobalSection(SolutionProperties) = preSolution
		HideSolutionNode = FALSE
	EndGlobalSection
	GlobalSection(ExtensibilityGlobals) = postSolution
		SolutionGuid = {C3FD73A4-15E3-4FBC-909E-326A05A4D4A8}
	EndGlobalSection
EndGlobal
