
Microsoft Visual Studio Solution File, Format Version 12.00
# Visual Studio 15
VisualStudioVersion = 15.0.28307.168
MinimumVisualStudioVersion = 10.0.40219.1
Project("{9A19103F-16F7-4668-BE54-9A1E7A4F7556}") = "RemoveNegativeAndReverse", "RemoveNegativeAndReverse\RemoveNegativeAndReverse.csproj", "{F2E0F4DC-0C6E-411C-A9A2-0037FC6A0180}"
EndProject
Project("{9A19103F-16F7-4668-BE54-9A1E7A4F7556}") = "SumAdjacentEqualNumbers", "SumAdjacentEqualNumbers\SumAdjacentEqualNumbers.csproj", "{308416D2-8A77-4A7C-B8F9-2CA9DE929BEF}"
EndProject
Project("{9A19103F-16F7-4668-BE54-9A1E7A4F7556}") = "GaussTrick", "GaussTrick\GaussTrick.csproj", "{44C08808-A458-493A-BB62-518A247A9749}"
EndProject
Project("{9A19103F-16F7-4668-BE54-9A1E7A4F7556}") = "ListOfProducts", "ListOfProducts\ListOfProducts.csproj", "{7A39868B-F71C-4712-BC04-B8790E8B4CF3}"
EndProject
Project("{9A19103F-16F7-4668-BE54-9A1E7A4F7556}") = "BasicListManipulation", "BasicListManipulation\BasicListManipulation.csproj", "{B296E65A-6E08-46FC-B877-5048042819C7}"
EndProject
Project("{9A19103F-16F7-4668-BE54-9A1E7A4F7556}") = "AdvancedListManipulation", "AdvancedListManipulation\AdvancedListManipulation.csproj", "{77B09D6F-8401-4CA7-8378-6610ABEDE8BA}"
EndProject
Project("{9A19103F-16F7-4668-BE54-9A1E7A4F7556}") = "MergingLists", "MergingLists\MergingLists.csproj", "{9284C654-D34E-4755-9BD0-F3863726DD9F}"
EndProject
Global
	GlobalSection(SolutionConfigurationPlatforms) = preSolution
		Debug|Any CPU = Debug|Any CPU
		Release|Any CPU = Release|Any CPU
	EndGlobalSection
	GlobalSection(ProjectConfigurationPlatforms) = postSolution
		{F2E0F4DC-0C6E-411C-A9A2-0037FC6A0180}.Debug|Any CPU.ActiveCfg = Debug|Any CPU
		{F2E0F4DC-0C6E-411C-A9A2-0037FC6A0180}.Debug|Any CPU.Build.0 = Debug|Any CPU
		{F2E0F4DC-0C6E-411C-A9A2-0037FC6A0180}.Release|Any CPU.ActiveCfg = Release|Any CPU
		{F2E0F4DC-0C6E-411C-A9A2-0037FC6A0180}.Release|Any CPU.Build.0 = Release|Any CPU
		{308416D2-8A77-4A7C-B8F9-2CA9DE929BEF}.Debug|Any CPU.ActiveCfg = Debug|Any CPU
		{308416D2-8A77-4A7C-B8F9-2CA9DE929BEF}.Debug|Any CPU.Build.0 = Debug|Any CPU
		{308416D2-8A77-4A7C-B8F9-2CA9DE929BEF}.Release|Any CPU.ActiveCfg = Release|Any CPU
		{308416D2-8A77-4A7C-B8F9-2CA9DE929BEF}.Release|Any CPU.Build.0 = Release|Any CPU
		{44C08808-A458-493A-BB62-518A247A9749}.Debug|Any CPU.ActiveCfg = Debug|Any CPU
		{44C08808-A458-493A-BB62-518A247A9749}.Debug|Any CPU.Build.0 = Debug|Any CPU
		{44C08808-A458-493A-BB62-518A247A9749}.Release|Any CPU.ActiveCfg = Release|Any CPU
		{44C08808-A458-493A-BB62-518A247A9749}.Release|Any CPU.Build.0 = Release|Any CPU
		{7A39868B-F71C-4712-BC04-B8790E8B4CF3}.Debug|Any CPU.ActiveCfg = Debug|Any CPU
		{7A39868B-F71C-4712-BC04-B8790E8B4CF3}.Debug|Any CPU.Build.0 = Debug|Any CPU
		{7A39868B-F71C-4712-BC04-B8790E8B4CF3}.Release|Any CPU.ActiveCfg = Release|Any CPU
		{7A39868B-F71C-4712-BC04-B8790E8B4CF3}.Release|Any CPU.Build.0 = Release|Any CPU
		{B296E65A-6E08-46FC-B877-5048042819C7}.Debug|Any CPU.ActiveCfg = Debug|Any CPU
		{B296E65A-6E08-46FC-B877-5048042819C7}.Debug|Any CPU.Build.0 = Debug|Any CPU
		{B296E65A-6E08-46FC-B877-5048042819C7}.Release|Any CPU.ActiveCfg = Release|Any CPU
		{B296E65A-6E08-46FC-B877-5048042819C7}.Release|Any CPU.Build.0 = Release|Any CPU
		{77B09D6F-8401-4CA7-8378-6610ABEDE8BA}.Debug|Any CPU.ActiveCfg = Debug|Any CPU
		{77B09D6F-8401-4CA7-8378-6610ABEDE8BA}.Debug|Any CPU.Build.0 = Debug|Any CPU
		{77B09D6F-8401-4CA7-8378-6610ABEDE8BA}.Release|Any CPU.ActiveCfg = Release|Any CPU
		{77B09D6F-8401-4CA7-8378-6610ABEDE8BA}.Release|Any CPU.Build.0 = Release|Any CPU
		{9284C654-D34E-4755-9BD0-F3863726DD9F}.Debug|Any CPU.ActiveCfg = Debug|Any CPU
		{9284C654-D34E-4755-9BD0-F3863726DD9F}.Debug|Any CPU.Build.0 = Debug|Any CPU
		{9284C654-D34E-4755-9BD0-F3863726DD9F}.Release|Any CPU.ActiveCfg = Release|Any CPU
		{9284C654-D34E-4755-9BD0-F3863726DD9F}.Release|Any CPU.Build.0 = Release|Any CPU
	EndGlobalSection
	GlobalSection(SolutionProperties) = preSolution
		HideSolutionNode = FALSE
	EndGlobalSection
	GlobalSection(ExtensibilityGlobals) = postSolution
		SolutionGuid = {7D604830-162A-4184-83F0-E5C32EE447B6}
	EndGlobalSection
EndGlobal
