
Microsoft Visual Studio Solution File, Format Version 12.00
# Visual Studio 15
VisualStudioVersion = 15.0.28307.168
MinimumVisualStudioVersion = 10.0.40219.1
Project("{FAE04EC0-301F-11D3-BF4B-00C04F79EFBC}") = "PartyProfit", "PartyProfit\PartyProfit.csproj", "{8FCB6DCF-1615-4CE2-B022-74CD2F6B407B}"
EndProject
Project("{FAE04EC0-301F-11D3-BF4B-00C04F79EFBC}") = "DarkestDungeons", "DarkestDungeons\DarkestDungeons.csproj", "{5E63C679-5416-4A11-B4FC-85616D254B37}"
EndProject
Project("{FAE04EC0-301F-11D3-BF4B-00C04F79EFBC}") = "JournalQuest", "JournalQuest\JournalQuest.csproj", "{303C5011-87D3-4357-83B5-C05032EF3E47}"
EndProject
Global
	GlobalSection(SolutionConfigurationPlatforms) = preSolution
		Debug|Any CPU = Debug|Any CPU
		Release|Any CPU = Release|Any CPU
	EndGlobalSection
	GlobalSection(ProjectConfigurationPlatforms) = postSolution
		{8FCB6DCF-1615-4CE2-B022-74CD2F6B407B}.Debug|Any CPU.ActiveCfg = Debug|Any CPU
		{8FCB6DCF-1615-4CE2-B022-74CD2F6B407B}.Debug|Any CPU.Build.0 = Debug|Any CPU
		{8FCB6DCF-1615-4CE2-B022-74CD2F6B407B}.Release|Any CPU.ActiveCfg = Release|Any CPU
		{8FCB6DCF-1615-4CE2-B022-74CD2F6B407B}.Release|Any CPU.Build.0 = Release|Any CPU
		{5E63C679-5416-4A11-B4FC-85616D254B37}.Debug|Any CPU.ActiveCfg = Debug|Any CPU
		{5E63C679-5416-4A11-B4FC-85616D254B37}.Debug|Any CPU.Build.0 = Debug|Any CPU
		{5E63C679-5416-4A11-B4FC-85616D254B37}.Release|Any CPU.ActiveCfg = Release|Any CPU
		{5E63C679-5416-4A11-B4FC-85616D254B37}.Release|Any CPU.Build.0 = Release|Any CPU
		{303C5011-87D3-4357-83B5-C05032EF3E47}.Debug|Any CPU.ActiveCfg = Debug|Any CPU
		{303C5011-87D3-4357-83B5-C05032EF3E47}.Debug|Any CPU.Build.0 = Debug|Any CPU
		{303C5011-87D3-4357-83B5-C05032EF3E47}.Release|Any CPU.ActiveCfg = Release|Any CPU
		{303C5011-87D3-4357-83B5-C05032EF3E47}.Release|Any CPU.Build.0 = Release|Any CPU
	EndGlobalSection
	GlobalSection(SolutionProperties) = preSolution
		HideSolutionNode = FALSE
	EndGlobalSection
	GlobalSection(ExtensibilityGlobals) = postSolution
		SolutionGuid = {B1EF2034-4C4C-4C49-AE68-579BE8DEFA6C}
	EndGlobalSection
EndGlobal
