
Microsoft Visual Studio Solution File, Format Version 12.00
# Visual Studio 15
VisualStudioVersion = 15.0.28307.168
MinimumVisualStudioVersion = 10.0.40219.1
Project("{FAE04EC0-301F-11D3-BF4B-00C04F79EFBC}") = "ArrivingInKathmandu", "ArrivingInKathmandu\ArrivingInKathmandu.csproj", "{98AEBD51-F6A1-44BD-9240-C8134DFFEB51}"
EndProject
Project("{FAE04EC0-301F-11D3-BF4B-00C04F79EFBC}") = "Annapurna", "Annapurna\Annapurna.csproj", "{C253FF04-F518-4D38-BDEB-12F74F0CAC6B}"
EndProject
Global
	GlobalSection(SolutionConfigurationPlatforms) = preSolution
		Debug|Any CPU = Debug|Any CPU
		Release|Any CPU = Release|Any CPU
	EndGlobalSection
	GlobalSection(ProjectConfigurationPlatforms) = postSolution
		{98AEBD51-F6A1-44BD-9240-C8134DFFEB51}.Debug|Any CPU.ActiveCfg = Debug|Any CPU
		{98AEBD51-F6A1-44BD-9240-C8134DFFEB51}.Debug|Any CPU.Build.0 = Debug|Any CPU
		{98AEBD51-F6A1-44BD-9240-C8134DFFEB51}.Release|Any CPU.ActiveCfg = Release|Any CPU
		{98AEBD51-F6A1-44BD-9240-C8134DFFEB51}.Release|Any CPU.Build.0 = Release|Any CPU
		{C253FF04-F518-4D38-BDEB-12F74F0CAC6B}.Debug|Any CPU.ActiveCfg = Debug|Any CPU
		{C253FF04-F518-4D38-BDEB-12F74F0CAC6B}.Debug|Any CPU.Build.0 = Debug|Any CPU
		{C253FF04-F518-4D38-BDEB-12F74F0CAC6B}.Release|Any CPU.ActiveCfg = Release|Any CPU
		{C253FF04-F518-4D38-BDEB-12F74F0CAC6B}.Release|Any CPU.Build.0 = Release|Any CPU
	EndGlobalSection
	GlobalSection(SolutionProperties) = preSolution
		HideSolutionNode = FALSE
	EndGlobalSection
	GlobalSection(ExtensibilityGlobals) = postSolution
		SolutionGuid = {BF54F467-728D-4585-AED6-67F4C540F3A2}
	EndGlobalSection
EndGlobal
